
Microsoft Visual Studio Solution File, Format Version 10.00
# Visual Studio 2008
Project("{FAE04EC0-301F-11D3-BF4B-00C04F79EFBC}") = "CaculateCapacity", "CaculateCapacity\CaculateCapacity.csproj", "{B8C9C6A8-F800-4E62-9D38-E21113CB2BFF}"
EndProject
Global
	GlobalSection(SolutionConfigurationPlatforms) = preSolution
		Debug|Any CPU = Debug|Any CPU
		Release|Any CPU = Release|Any CPU
	EndGlobalSection
	GlobalSection(ProjectConfigurationPlatforms) = postSolution
		{B8C9C6A8-F800-4E62-9D38-E21113CB2BFF}.Debug|Any CPU.ActiveCfg = Debug|Any CPU
		{B8C9C6A8-F800-4E62-9D38-E21113CB2BFF}.Debug|Any CPU.Build.0 = Debug|Any CPU
		{B8C9C6A8-F800-4E62-9D38-E21113CB2BFF}.Release|Any CPU.ActiveCfg = Release|Any CPU
		{B8C9C6A8-F800-4E62-9D38-E21113CB2BFF}.Release|Any CPU.Build.0 = Release|Any CPU
	EndGlobalSection
	GlobalSection(SolutionProperties) = preSolution
		HideSolutionNode = FALSE
	EndGlobalSection
EndGlobal
